
Microsoft Visual Studio Solution File, Format Version 12.00
# Visual Studio Version 17
VisualStudioVersion = 17.3.32922.545
MinimumVisualStudioVersion = 10.0.40219.1
Project("{54A90642-561A-4BB1-A94E-469ADEE60C69}") = "therondofrontend", "therondofrontend\therondofrontend.esproj", "{77B62024-047A-4E84-B31E-26531D1A706E}"
EndProject
Project("{9A19103F-16F7-4668-BE54-9A1E7A4F7556}") = "therondoAPI", "therondobackend\therondoAPI.csproj", "{5C09F206-5BB9-47F0-BFFE-A01F9E246CA6}"
EndProject
Global
	GlobalSection(SolutionConfigurationPlatforms) = preSolution
		Debug|Any CPU = Debug|Any CPU
		Release|Any CPU = Release|Any CPU
	EndGlobalSection
	GlobalSection(ProjectConfigurationPlatforms) = postSolution
		{77B62024-047A-4E84-B31E-26531D1A706E}.Debug|Any CPU.ActiveCfg = Debug|Any CPU
		{77B62024-047A-4E84-B31E-26531D1A706E}.Debug|Any CPU.Build.0 = Debug|Any CPU
		{77B62024-047A-4E84-B31E-26531D1A706E}.Debug|Any CPU.Deploy.0 = Debug|Any CPU
		{77B62024-047A-4E84-B31E-26531D1A706E}.Release|Any CPU.ActiveCfg = Release|Any CPU
		{77B62024-047A-4E84-B31E-26531D1A706E}.Release|Any CPU.Build.0 = Release|Any CPU
		{77B62024-047A-4E84-B31E-26531D1A706E}.Release|Any CPU.Deploy.0 = Release|Any CPU
		{5C09F206-5BB9-47F0-BFFE-A01F9E246CA6}.Debug|Any CPU.ActiveCfg = Debug|Any CPU
		{5C09F206-5BB9-47F0-BFFE-A01F9E246CA6}.Debug|Any CPU.Build.0 = Debug|Any CPU
		{5C09F206-5BB9-47F0-BFFE-A01F9E246CA6}.Release|Any CPU.ActiveCfg = Release|Any CPU
		{5C09F206-5BB9-47F0-BFFE-A01F9E246CA6}.Release|Any CPU.Build.0 = Release|Any CPU
	EndGlobalSection
	GlobalSection(SolutionProperties) = preSolution
		HideSolutionNode = FALSE
	EndGlobalSection
	GlobalSection(ExtensibilityGlobals) = postSolution
		SolutionGuid = {CD5FB5BC-463A-4811-A4E3-BE711D19FCD8}
	EndGlobalSection
EndGlobal
